{
  "name": "@lumiera0/fiero",
  "version": "1.0.0",
  "lockfileVersion": 3,
  "requires": true,
  "packages": {
    "": {
      "name": "@lumiera0/fiero",
      "version": "1.0.0",
      "license": "ISC",
      "dependencies": {
        "fiero": "^1.0.0"
      },
      "devDependencies": {}
    },
    "node_modules/fiero": {
      "version": "1.0.0",
      "resolved": "https://registry.npmjs.org/fiero/-/fiero-1.0.0.tgz",
      "integrity": "sha512-HO1WyZP/AQ8rrrgWX4d/dnuPtmDVoSGKCi6NMVqpKTHD8O86sViUDyjWh/JhrYBaiCaQkN2I89iWGiJ447cUhQ=="
    }
  }
}
